
Microsoft Visual Studio Solution File, Format Version 12.00
# Visual Studio Version 17
VisualStudioVersion = 17.3.32929.385
MinimumVisualStudioVersion = 10.0.40219.1
Project("{FAE04EC0-301F-11D3-BF4B-00C04F79EFBC}") = "Insert", "ConsoleApp1\Insert.csproj", "{EEC9DEE6-E0EE-498C-8A96-8DCA3FD6A89E}"
EndProject
Project("{FAE04EC0-301F-11D3-BF4B-00C04F79EFBC}") = "Ispan.Utility", "SqlDbHelper\Ispan.Utility.csproj", "{D174CAF2-EE98-4F0D-8EDA-C7FC0F9BE5B6}"
EndProject
Project("{FAE04EC0-301F-11D3-BF4B-00C04F79EFBC}") = "Update", "Update\Update.csproj", "{B420E0E8-4791-4841-8E78-5F3E5CD3DE32}"
EndProject
Project("{FAE04EC0-301F-11D3-BF4B-00C04F79EFBC}") = "Delete", "Delete\Delete.csproj", "{9BF73715-4A09-4EC0-802A-3080090F802D}"
EndProject
Project("{FAE04EC0-301F-11D3-BF4B-00C04F79EFBC}") = "Select", "Select\Select.csproj", "{7A8430EF-26DB-492D-BCD2-3A951E4741B0}"
EndProject
Global
	GlobalSection(SolutionConfigurationPlatforms) = preSolution
		Debug|Any CPU = Debug|Any CPU
		Release|Any CPU = Release|Any CPU
	EndGlobalSection
	GlobalSection(ProjectConfigurationPlatforms) = postSolution
		{EEC9DEE6-E0EE-498C-8A96-8DCA3FD6A89E}.Debug|Any CPU.ActiveCfg = Debug|Any CPU
		{EEC9DEE6-E0EE-498C-8A96-8DCA3FD6A89E}.Debug|Any CPU.Build.0 = Debug|Any CPU
		{EEC9DEE6-E0EE-498C-8A96-8DCA3FD6A89E}.Release|Any CPU.ActiveCfg = Release|Any CPU
		{EEC9DEE6-E0EE-498C-8A96-8DCA3FD6A89E}.Release|Any CPU.Build.0 = Release|Any CPU
		{D174CAF2-EE98-4F0D-8EDA-C7FC0F9BE5B6}.Debug|Any CPU.ActiveCfg = Debug|Any CPU
		{D174CAF2-EE98-4F0D-8EDA-C7FC0F9BE5B6}.Debug|Any CPU.Build.0 = Debug|Any CPU
		{D174CAF2-EE98-4F0D-8EDA-C7FC0F9BE5B6}.Release|Any CPU.ActiveCfg = Release|Any CPU
		{D174CAF2-EE98-4F0D-8EDA-C7FC0F9BE5B6}.Release|Any CPU.Build.0 = Release|Any CPU
		{B420E0E8-4791-4841-8E78-5F3E5CD3DE32}.Debug|Any CPU.ActiveCfg = Debug|Any CPU
		{B420E0E8-4791-4841-8E78-5F3E5CD3DE32}.Debug|Any CPU.Build.0 = Debug|Any CPU
		{B420E0E8-4791-4841-8E78-5F3E5CD3DE32}.Release|Any CPU.ActiveCfg = Release|Any CPU
		{B420E0E8-4791-4841-8E78-5F3E5CD3DE32}.Release|Any CPU.Build.0 = Release|Any CPU
		{9BF73715-4A09-4EC0-802A-3080090F802D}.Debug|Any CPU.ActiveCfg = Debug|Any CPU
		{9BF73715-4A09-4EC0-802A-3080090F802D}.Debug|Any CPU.Build.0 = Debug|Any CPU
		{9BF73715-4A09-4EC0-802A-3080090F802D}.Release|Any CPU.ActiveCfg = Release|Any CPU
		{9BF73715-4A09-4EC0-802A-3080090F802D}.Release|Any CPU.Build.0 = Release|Any CPU
		{7A8430EF-26DB-492D-BCD2-3A951E4741B0}.Debug|Any CPU.ActiveCfg = Debug|Any CPU
		{7A8430EF-26DB-492D-BCD2-3A951E4741B0}.Debug|Any CPU.Build.0 = Debug|Any CPU
		{7A8430EF-26DB-492D-BCD2-3A951E4741B0}.Release|Any CPU.ActiveCfg = Release|Any CPU
		{7A8430EF-26DB-492D-BCD2-3A951E4741B0}.Release|Any CPU.Build.0 = Release|Any CPU
	EndGlobalSection
	GlobalSection(SolutionProperties) = preSolution
		HideSolutionNode = FALSE
	EndGlobalSection
	GlobalSection(ExtensibilityGlobals) = postSolution
		SolutionGuid = {14E15EA8-EA70-4D22-A363-3FD0AA78D99C}
	EndGlobalSection
EndGlobal
